
Microsoft Visual Studio Solution File, Format Version 12.00
# Visual Studio Version 16
VisualStudioVersion = 16.0.32106.194
MinimumVisualStudioVersion = 10.0.40219.1
Project("{FAE04EC0-301F-11D3-BF4B-00C04F79EFBC}") = "DatosAlumnoApp", "DatosAlumnoApp\DatosAlumnoApp.csproj", "{44912B4B-6619-4786-ACE5-999AFE2803BD}"
EndProject
Global
	GlobalSection(SolutionConfigurationPlatforms) = preSolution
		Debug|Any CPU = Debug|Any CPU
		Release|Any CPU = Release|Any CPU
	EndGlobalSection
	GlobalSection(ProjectConfigurationPlatforms) = postSolution
		{44912B4B-6619-4786-ACE5-999AFE2803BD}.Debug|Any CPU.ActiveCfg = Debug|Any CPU
		{44912B4B-6619-4786-ACE5-999AFE2803BD}.Debug|Any CPU.Build.0 = Debug|Any CPU
		{44912B4B-6619-4786-ACE5-999AFE2803BD}.Release|Any CPU.ActiveCfg = Release|Any CPU
		{44912B4B-6619-4786-ACE5-999AFE2803BD}.Release|Any CPU.Build.0 = Release|Any CPU
	EndGlobalSection
	GlobalSection(SolutionProperties) = preSolution
		HideSolutionNode = FALSE
	EndGlobalSection
	GlobalSection(ExtensibilityGlobals) = postSolution
		SolutionGuid = {83DD9F68-0FE2-4881-92E4-B345243D0E29}
	EndGlobalSection
EndGlobal
